// !$*UTF8*$!
{
	archiveVersion = 1;
	classes = {
	};
	objectVersion = 50;
	objects = {

/* Begin PBXBuildFile section */
		3DCD92F92226905800D39523 /* AppDelegate.swift in Sources */ = {isa = PBXBuildFile; fileRef = 3DCD92F82226905800D39523 /* AppDelegate.swift */; };
		3DCD92FB2226905800D39523 /* ViewController.swift in Sources */ = {isa = PBXBuildFile; fileRef = 3DCD92FA2226905800D39523 /* ViewController.swift */; };
		3DCD92FE2226905800D39523 /* Main.storyboard in Resources */ = {isa = PBXBuildFile; fileRef = 3DCD92FC2226905800D39523 /* Main.storyboard */; };
		3DCD93002226906500D39523 /* Assets.xcassets in Resources */ = {isa = PBXBuildFile; fileRef = 3DCD92FF2226906500D39523 /* Assets.xcassets */; };
		3DCD93032226906500D39523 /* LaunchScreen.storyboard in Resources */ = {isa = PBXBuildFile; fileRef = 3DCD93012226906500D39523 /* LaunchScreen.storyboard */; };
		3DCD930C22279AF100D39523 /* ModelViewController.swift in Sources */ = {isa = PBXBuildFile; fileRef = 3DCD930B22279AF100D39523 /* ModelViewController.swift */; };
		3DCD930E2227C3E000D39523 /* tableViewController.swift in Sources */ = {isa = PBXBuildFile; fileRef = 3DCD930D2227C3E000D39523 /* tableViewController.swift */; };
/* End PBXBuildFile section */

/* Begin PBXFileReference section */
		3DCD92F52226905800D39523 /* loginSignup.app */ = {isa = PBXFileReference; explicitFileType = wrapper.application; includeInIndex = 0; path = loginSignup.app; sourceTree = BUILT_PRODUCTS_DIR; };
		3DCD92F82226905800D39523 /* AppDelegate.swift */ = {isa = PBXFileReference; lastKnownFileType = sourcecode.swift; path = AppDelegate.swift; sourceTree = "<group>"; };
		3DCD92FA2226905800D39523 /* ViewController.swift */ = {isa = PBXFileReference; lastKnownFileType = sourcecode.swift; path = ViewController.swift; sourceTree = "<group>"; };
		3DCD92FD2226905800D39523 /* Base */ = {isa = PBXFileReference; lastKnownFileType = file.storyboard; name = Base; path = Base.lproj/Main.storyboard; sourceTree = "<group>"; };
		3DCD92FF2226906500D39523 /* Assets.xcassets */ = {isa = PBXFileReference; lastKnownFileType = folder.assetcatalog; path = Assets.xcassets; sourceTree = "<group>"; };
		3DCD93022226906500D39523 /* Base */ = {isa = PBXFileReference; lastKnownFileType = file.storyboard; name = Base; path = Base.lproj/LaunchScreen.storyboard; sourceTree = "<group>"; };
		3DCD93042226906500D39523 /* Info.plist */ = {isa = PBXFileReference; lastKnownFileType = text.plist.xml; path = Info.plist; sourceTree = "<group>"; };
		3DCD930B22279AF100D39523 /* ModelViewController.swift */ = {isa = PBXFileReference; lastKnownFileType = sourcecode.swift; path = ModelViewController.swift; sourceTree = "<group>"; };
		3DCD930D2227C3E000D39523 /* tableViewController.swift */ = {isa = PBXFileReference; lastKnownFileType = sourcecode.swift; path = tableViewController.swift; sourceTree = "<group>"; };
/* End PBXFileReference section */

/* Begin PBXFrameworksBuildPhase section */
		3DCD92F22226905800D39523 /* Frameworks */ = {
			isa = PBXFrameworksBuildPhase;
			buildActionMask = 2147483647;
			files = (
			);
			runOnlyForDeploymentPostprocessing = 0;
		};
/* End PBXFrameworksBuildPhase section */

/* Begin PBXGroup section */
		3DCD92EC2226905700D39523 = {
			isa = PBXGroup;
			children = (
				3DCD930A22279AB400D39523 /* ModelClass */,
				3DCD92F72226905800D39523 /* loginSignup */,
				3DCD92F62226905800D39523 /* Products */,
			);
			sourceTree = "<group>";
		};
		3DCD92F62226905800D39523 /* Products */ = {
			isa = PBXGroup;
			children = (
				3DCD92F52226905800D39523 /* loginSignup.app */,
			);
			name = Products;
			sourceTree = "<group>";
		};
		3DCD92F72226905800D39523 /* loginSignup */ = {
			isa = PBXGroup;
			children = (
				3DCD92F82226905800D39523 /* AppDelegate.swift */,
				3DCD92FA2226905800D39523 /* ViewController.swift */,
				3DCD92FC2226905800D39523 /* Main.storyboard */,
				3DCD92FF2226906500D39523 /* Assets.xcassets */,
				3DCD93012226906500D39523 /* LaunchScreen.storyboard */,
				3DCD93042226906500D39523 /* Info.plist */,
				3DCD930D2227C3E000D39523 /* tableViewController.swift */,
			);
			path = loginSignup;
			sourceTree = "<group>";
		};
		3DCD930A22279AB400D39523 /* ModelClass */ = {
			isa = PBXGroup;
			children = (
				3DCD930B22279AF100D39523 /* ModelViewController.swift */,
			);
			path = ModelClass;
			sourceTree = "<group>";
		};
/* End PBXGroup section */

/* Begin PBXNativeTarget section */
		3DCD92F42226905800D39523 /* loginSignup */ = {
			isa = PBXNativeTarget;
			buildConfigurationList = 3DCD93072226906500D39523 /* Build configuration list for PBXNativeTarget "loginSignup" */;
			buildPhases = (
				3DCD92F12226905800D39523 /* Sources */,
				3DCD92F22226905800D39523 /* Frameworks */,
				3DCD92F32226905800D39523 /* Resources */,
			);
			buildRules = (
			);
			dependencies = (
			);
			name = loginSignup;
			productName = loginSignup;
			productReference = 3DCD92F52226905800D39523 /* loginSignup.app */;
			productType = "com.apple.product-type.application";
		};
/* End PBXNativeTarget section */

/* Begin PBXProject section */
		3DCD92ED2226905700D39523 /* Project object */ = {
			isa = PBXProject;
			attributes = {
				LastSwiftUpdateCheck = 1010;
				LastUpgradeCheck = 1010;
				ORGANIZATIONNAME = VVDN;
				TargetAttributes = {
					3DCD92F42226905800D39523 = {
						CreatedOnToolsVersion = 10.1;
					};
				};
			};
			buildConfigurationList = 3DCD92F02226905700D39523 /* Build configuration list for PBXProject "loginSignup" */;
			compatibilityVersion = "Xcode 9.3";
			developmentRegion = en;
			hasScannedForEncodings = 0;
			knownRegions = (
				en,
				Base,
			);
			mainGroup = 3DCD92EC2226905700D39523;
			productRefGroup = 3DCD92F62226905800D39523 /* Products */;
			projectDirPath = "";
			projectRoot = "";
			targets = (
				3DCD92F42226905800D39523 /* loginSignup */,
			);
		};
/* End PBXProject section */

/* Begin PBXResourcesBuildPhase section */
		3DCD92F32226905800D39523 /* Resources */ = {
			isa = PBXResourcesBuildPhase;
			buildActionMask = 2147483647;
			files = (
				3DCD93032226906500D39523 /* LaunchScreen.storyboard in Resources */,
				3DCD93002226906500D39523 /* Assets.xcassets in Resources */,
				3DCD92FE2226905800D39523 /* Main.storyboard in Resources */,
			);
			runOnlyForDeploymentPostprocessing = 0;
		};
/* End PBXResourcesBuildPhase section */

/* Begin PBXSourcesBuildPhase section */
		3DCD92F12226905800D39523 /* Sources */ = {
			isa = PBXSourcesBuildPhase;
			buildActionMask = 2147483647;
			files = (
				3DCD92FB2226905800D39523 /* ViewController.swift in Sources */,
				3DCD92F92226905800D39523 /* AppDelegate.swift in Sources */,
				3DCD930C22279AF100D39523 /* ModelViewController.swift in Sources */,
				3DCD930E2227C3E000D39523 /* tableViewController.swift in Sources */,
			);
			runOnlyForDeploymentPostprocessing = 0;
		};
/* End PBXSourcesBuildPhase section */

/* Begin PBXVariantGroup section */
		3DCD92FC2226905800D39523 /* Main.storyboard */ = {
			isa = PBXVariantGroup;
			children = (
				3DCD92FD2226905800D39523 /* Base */,
			);
			name = Main.storyboard;
			sourceTree = "<group>";
		};
		3DCD93012226906500D39523 /* LaunchScreen.storyboard */ = {
			isa = PBXVariantGroup;
			children = (
				3DCD93022226906500D39523 /* Base */,
			);
			name = LaunchScreen.storyboard;
			sourceTree = "<group>";
		};
/* End PBXVariantGroup section */

/* Begin XCBuildConfiguration section */
		3DCD93052226906500D39523 /* Debug */ = {
			isa = XCBuildConfiguration;
			buildSettings = {
				ALWAYS_SEARCH_USER_PATHS = NO;
				CLANG_ANALYZER_NONNULL = YES;
				CLANG_ANALYZER_NUMBER_OBJECT_CONVERSION = YES_AGGRESSIVE;
				CLANG_CXX_LANGUAGE_STANDARD = "gnu++14";
				CLANG_CXX_LIBRARY = "libc++";
				CLANG_ENABLE_MODULES = YES;
				CLANG_ENABLE_OBJC_ARC = YES;
				CLANG_ENABLE_OBJC_WEAK = YES;
				CLANG_WARN_BLOCK_CAPTURE_AUTORELEASING = YES;
				CLANG_WARN_BOOL_CONVERSION = YES;
				CLANG_WARN_COMMA = YES;
				CLANG_WARN_CONSTANT_CONVERSION = YES;
				CLANG_WARN_DEPRECATED_OBJC_IMPLEMENTATIONS = YES;
				CLANG_WARN_DIRECT_OBJC_ISA_USAGE = YES_ERROR;
				CLANG_WARN_DOCUMENTATION_COMMENTS = YES;
				CLANG_WARN_EMPTY_BODY = YES;
				CLANG_WARN_ENUM_CONVERSION = YES;
				CLANG_WARN_INFINITE_RECURSION = YES;
				CLANG_WARN_INT_CONVERSION = YES;
				CLANG_WARN_NON_LITERAL_NULL_CONVERSION = YES;
				CLANG_WARN_OBJC_IMPLICIT_RETAIN_SELF = YES;
				CLANG_WARN_OBJC_LITERAL_CONVERSION = YES;
				CLANG_WARN_OBJC_ROOT_CLASS = YES_ERROR;
				CLANG_WARN_RANGE_LOOP_ANALYSIS = YES;
				CLANG_WARN_STRICT_PROTOTYPES = YES;
				CLANG_WARN_SUSPICIOUS_MOVE = YES;
				CLANG_WARN_UNGUARDED_AVAILABILITY = YES_AGGRESSIVE;
				CLANG_WARN_UNREACHABLE_CODE = YES;
				CLANG_WARN__DUPLICATE_METHOD_MATCH = YES;
				CODE_SIGN_IDENTITY = "iPhone Developer";
				COPY_PHASE_STRIP = NO;
				DEBUG_INFORMATION_FORMAT = dwarf;
				ENABLE_STRICT_OBJC_MSGSEND = YES;
				ENABLE_TESTABILITY = YES;
				GCC_C_LANGUAGE_STANDARD = gnu11;
				GCC_DYNAMIC_NO_PIC = NO;
				GCC_NO_COMMON_BLOCKS = YES;
				GCC_OPTIMIZATION_LEVEL = 0;
				GCC_PREPROCESSOR_DEFINITIONS = (
					"DEBUG=1",
					"$(inherited)",
				);
				GCC_WARN_64_TO_32_BIT_CONVERSION = YES;
				GCC_WARN_ABOUT_RETURN_TYPE = YES_ERROR;
				GCC_WARN_UNDECLARED_SELECTOR = YES;
				GCC_WARN_UNINITIALIZED_AUTOS = YES_AGGRESSIVE;
				GCC_WARN_UNUSED_FUNCTION = YES;
				GCC_WARN_UNUSED_VARIABLE = YES;
				IPHONEOS_DEPLOYMENT_TARGET = 12.1;
				MTL_ENABLE_DEBUG_INFO = INCLUDE_SOURCE;
				MTL_FAST_MATH = YES;
				ONLY_ACTIVE_ARCH = YES;
				SDKROOT = iphoneos;
				SWIFT_ACTIVE_COMPILATION_CONDITIONS = DEBUG;
				SWIFT_OPTIMIZATION_LEVEL = "-Onone";
			};
			name = Debug;
		};
		3DCD93062226906500D39523 /* Release */ = {
			isa = XCBuildConfiguration;
			buildSettings = {
				ALWAYS_SEARCH_USER_PATHS = NO;
				CLANG_ANALYZER_NONNULL = YES;
				CLANG_ANALYZER_NUMBER_OBJECT_CONVERSION = YES_AGGRESSIVE;
				CLANG_CXX_LANGUAGE_STANDARD = "gnu++14";
				CLANG_CXX_LIBRARY = "libc++";
				CLANG_ENABLE_MODULES = YES;
				CLANG_ENABLE_OBJC_ARC = YES;
				CLANG_ENABLE_OBJC_WEAK = YES;
				CLANG_WARN_BLOCK_CAPTURE_AUTORELEASING = YES;
				CLANG_WARN_BOOL_CONVERSION = YES;
				CLANG_WARN_COMMA = YES;
				CLANG_WARN_CONSTANT_CONVERSION = YES;
				CLANG_WARN_DEPRECATED_OBJC_IMPLEMENTATIONS = YES;
				CLANG_WARN_DIRECT_OBJC_ISA_USAGE = YES_ERROR;
				CLANG_WARN_DOCUMENTATION_COMMENTS = YES;
				CLANG_WARN_EMPTY_BODY = YES;
				CLANG_WARN_ENUM_CONVERSION = YES;
				CLANG_WARN_INFINITE_RECURSION = YES;
				CLANG_WARN_INT_CONVERSION = YES;
				CLANG_WARN_NON_LITERAL_NULL_CONVERSION = YES;
				CLANG_WARN_OBJC_IMPLICIT_RETAIN_SELF = YES;
				CLANG_WARN_OBJC_LITERAL_CONVERSION = YES;
				CLANG_WARN_OBJC_ROOT_CLASS = YES_ERROR;
				CLANG_WARN_RANGE_LOOP_ANALYSIS = YES;
				CLANG_WARN_STRICT_PROTOTYPES = YES;
				CLANG_WARN_SUSPICIOUS_MOVE = YES;
				CLANG_WARN_UNGUARDED_AVAILABILITY = YES_AGGRESSIVE;
				CLANG_WARN_UNREACHABLE_CODE = YES;
				CLANG_WARN__DUPLICATE_METHOD_MATCH = YES;
				CODE_SIGN_IDENTITY = "iPhone Developer";
				COPY_PHASE_STRIP = NO;
				DEBUG_INFORMATION_FORMAT = "dwarf-with-dsym";
				ENABLE_NS_ASSERTIONS = NO;
				ENABLE_STRICT_OBJC_MSGSEND = YES;
				GCC_C_LANGUAGE_STANDARD = gnu11;
				GCC_NO_COMMON_BLOCKS = YES;
				GCC_WARN_64_TO_32_BIT_CONVERSION = YES;
				GCC_WARN_ABOUT_RETURN_TYPE = YES_ERROR;
				GCC_WARN_UNDECLARED_SELECTOR = YES;
				GCC_WARN_UNINITIALIZED_AUTOS = YES_AGGRESSIVE;
				GCC_WARN_UNUSED_FUNCTION = YES;
				GCC_WARN_UNUSED_VARIABLE = YES;
				IPHONEOS_DEPLOYMENT_TARGET = 12.1;
				MTL_ENABLE_DEBUG_INFO = NO;
				MTL_FAST_MATH = YES;
				SDKROOT = iphoneos;
				SWIFT_COMPILATION_MODE = wholemodule;
				SWIFT_OPTIMIZATION_LEVEL = "-O";
				VALIDATE_PRODUCT = YES;
			};
			name = Release;
		};
		3DCD93082226906500D39523 /* Debug */ = {
			isa = XCBuildConfiguration;
			buildSettings = {
				ASSETCATALOG_COMPILER_APPICON_NAME = AppIcon;
				CODE_SIGN_STYLE = Automatic;
				DEVELOPMENT_TEAM = KPG8Q98LKD;
				INFOPLIST_FILE = loginSignup/Info.plist;
				LD_RUNPATH_SEARCH_PATHS = (
					"$(inherited)",
					"@executable_path/Frameworks",
				);
				PRODUCT_BUNDLE_IDENTIFIER = abc11.loginSignup;
				PRODUCT_NAME = "$(TARGET_NAME)";
				SWIFT_VERSION = 4.2;
				TARGETED_DEVICE_FAMILY = "1,2";
			};
			name = Debug;
		};
		3DCD93092226906500D39523 /* Release */ = {
			isa = XCBuildConfiguration;
			buildSettings = {
				ASSETCATALOG_COMPILER_APPICON_NAME = AppIcon;
				CODE_SIGN_STYLE = Automatic;
				DEVELOPMENT_TEAM = KPG8Q98LKD;
				INFOPLIST_FILE = loginSignup/Info.plist;
				LD_RUNPATH_SEARCH_PATHS = (
					"$(inherited)",
					"@executable_path/Frameworks",
				);
				PRODUCT_BUNDLE_IDENTIFIER = abc11.loginSignup;
				PRODUCT_NAME = "$(TARGET_NAME)";
				SWIFT_VERSION = 4.2;
				TARGETED_DEVICE_FAMILY = "1,2";
			};
			name = Release;
		};
/* End XCBuildConfiguration section */

/* Begin XCConfigurationList section */
		3DCD92F02226905700D39523 /* Build configuration list for PBXProject "loginSignup" */ = {
			isa = XCConfigurationList;
			buildConfigurations = (
				3DCD93052226906500D39523 /* Debug */,
				3DCD93062226906500D39523 /* Release */,
			);
			defaultConfigurationIsVisible = 0;
			defaultConfigurationName = Release;
		};
		3DCD93072226906500D39523 /* Build configuration list for PBXNativeTarget "loginSignup" */ = {
			isa = XCConfigurationList;
			buildConfigurations = (
				3DCD93082226906500D39523 /* Debug */,
				3DCD93092226906500D39523 /* Release */,
			);
			defaultConfigurationIsVisible = 0;
			defaultConfigurationName = Release;
		};
/* End XCConfigurationList section */
	};
	rootObject = 3DCD92ED2226905700D39523 /* Project object */;
}
