// !$*UTF8*$!
{
	archiveVersion = 1;
	classes = {
	};
	objectVersion = 50;
	objects = {

/* Begin PBXBuildFile section */
		3D048113224E45F30051762B /* AppDelegate.swift in Sources */ = {isa = PBXBuildFile; fileRef = 3D048112224E45F30051762B /* AppDelegate.swift */; };
		3D048115224E45F30051762B /* ViewController.swift in Sources */ = {isa = PBXBuildFile; fileRef = 3D048114224E45F30051762B /* ViewController.swift */; };
		3D048118224E45F30051762B /* Main.storyboard in Resources */ = {isa = PBXBuildFile; fileRef = 3D048116224E45F30051762B /* Main.storyboard */; };
		3D04811A224E45FF0051762B /* Assets.xcassets in Resources */ = {isa = PBXBuildFile; fileRef = 3D048119224E45FF0051762B /* Assets.xcassets */; };
		3D04811D224E45FF0051762B /* LaunchScreen.storyboard in Resources */ = {isa = PBXBuildFile; fileRef = 3D04811B224E45FF0051762B /* LaunchScreen.storyboard */; };
		3D2CC2212251C375007B6CA0 /* BarcodeScannerSwift.plist in Resources */ = {isa = PBXBuildFile; fileRef = 3D2CC2202251C375007B6CA0 /* BarcodeScannerSwift.plist */; };
		84FBDB4A065176AEE7DFC26F /* Pods_VaibhavBarCode.framework in Frameworks */ = {isa = PBXBuildFile; fileRef = BE7B455979B1DD28090A0522 /* Pods_VaibhavBarCode.framework */; };
/* End PBXBuildFile section */

/* Begin PBXContainerItemProxy section */
		3D2CC22C225457CF007B6CA0 /* PBXContainerItemProxy */ = {
			isa = PBXContainerItemProxy;
			containerPortal = 3D2CC223225457CE007B6CA0 /* ZXingObjC.xcodeproj */;
			proxyType = 2;
			remoteGlobalIDString = 25403CB3166A96FA00E13304;
			remoteInfo = "ZXingObjC-iOS";
		};
		3D2CC22E225457CF007B6CA0 /* PBXContainerItemProxy */ = {
			isa = PBXContainerItemProxy;
			containerPortal = 3D2CC223225457CE007B6CA0 /* ZXingObjC.xcodeproj */;
			proxyType = 2;
			remoteGlobalIDString = 25403CC4166A96FA00E13304;
			remoteInfo = "Unit Tests iOS";
		};
		3D2CC230225457CF007B6CA0 /* PBXContainerItemProxy */ = {
			isa = PBXContainerItemProxy;
			containerPortal = 3D2CC223225457CE007B6CA0 /* ZXingObjC.xcodeproj */;
			proxyType = 2;
			remoteGlobalIDString = 25404166166AADAC00E13304;
			remoteInfo = "ZXingObjC-osx";
		};
		3D2CC232225457CF007B6CA0 /* PBXContainerItemProxy */ = {
			isa = PBXContainerItemProxy;
			containerPortal = 3D2CC223225457CE007B6CA0 /* ZXingObjC.xcodeproj */;
			proxyType = 2;
			remoteGlobalIDString = 25404178166AADAC00E13304;
			remoteInfo = "Unit Tests OS X";
		};
		3D2CC234225457CF007B6CA0 /* PBXContainerItemProxy */ = {
			isa = PBXContainerItemProxy;
			containerPortal = 3D2CC223225457CE007B6CA0 /* ZXingObjC.xcodeproj */;
			proxyType = 2;
			remoteGlobalIDString = 2540439E166ABA0A00E13304;
			remoteInfo = "OS X Framework";
		};
		3D2CC236225457CF007B6CA0 /* PBXContainerItemProxy */ = {
			isa = PBXContainerItemProxy;
			containerPortal = 3D2CC223225457CE007B6CA0 /* ZXingObjC.xcodeproj */;
			proxyType = 2;
			remoteGlobalIDString = DB72547F1A523C9200EFF81B;
			remoteInfo = "iOS Framework";
		};
/* End PBXContainerItemProxy section */

/* Begin PBXFileReference section */
		3D04810F224E45F30051762B /* VaibhavBarCode.app */ = {isa = PBXFileReference; explicitFileType = wrapper.application; includeInIndex = 0; path = VaibhavBarCode.app; sourceTree = BUILT_PRODUCTS_DIR; };
		3D048112224E45F30051762B /* AppDelegate.swift */ = {isa = PBXFileReference; lastKnownFileType = sourcecode.swift; path = AppDelegate.swift; sourceTree = "<group>"; };
		3D048114224E45F30051762B /* ViewController.swift */ = {isa = PBXFileReference; lastKnownFileType = sourcecode.swift; path = ViewController.swift; sourceTree = "<group>"; };
		3D048117224E45F30051762B /* Base */ = {isa = PBXFileReference; lastKnownFileType = file.storyboard; name = Base; path = Base.lproj/Main.storyboard; sourceTree = "<group>"; };
		3D048119224E45FF0051762B /* Assets.xcassets */ = {isa = PBXFileReference; lastKnownFileType = folder.assetcatalog; path = Assets.xcassets; sourceTree = "<group>"; };
		3D04811C224E45FF0051762B /* Base */ = {isa = PBXFileReference; lastKnownFileType = file.storyboard; name = Base; path = Base.lproj/LaunchScreen.storyboard; sourceTree = "<group>"; };
		3D04811E224E45FF0051762B /* Info.plist */ = {isa = PBXFileReference; lastKnownFileType = text.plist.xml; path = Info.plist; sourceTree = "<group>"; };
		3D2CC2202251C375007B6CA0 /* BarcodeScannerSwift.plist */ = {isa = PBXFileReference; fileEncoding = 4; lastKnownFileType = text.plist.xml; name = BarcodeScannerSwift.plist; path = "../../../Downloads/ZXingObjC-master/examples/BarcodeScannerSwift/BarcodeScannerSwift/BarcodeScannerSwift.plist"; sourceTree = "<group>"; };
		3D2CC223225457CE007B6CA0 /* ZXingObjC.xcodeproj */ = {isa = PBXFileReference; lastKnownFileType = "wrapper.pb-project"; name = ZXingObjC.xcodeproj; path = "../../../Downloads/ZXingObjC-master/ZXingObjC.xcodeproj"; sourceTree = "<group>"; };
		5916C7CBD6F294A3FA430424 /* Pods-VaibhavBarCode.debug.xcconfig */ = {isa = PBXFileReference; includeInIndex = 1; lastKnownFileType = text.xcconfig; name = "Pods-VaibhavBarCode.debug.xcconfig"; path = "Target Support Files/Pods-VaibhavBarCode/Pods-VaibhavBarCode.debug.xcconfig"; sourceTree = "<group>"; };
		B95C423DED69E9D2B3AE263A /* Pods-VaibhavBarCode.release.xcconfig */ = {isa = PBXFileReference; includeInIndex = 1; lastKnownFileType = text.xcconfig; name = "Pods-VaibhavBarCode.release.xcconfig"; path = "Target Support Files/Pods-VaibhavBarCode/Pods-VaibhavBarCode.release.xcconfig"; sourceTree = "<group>"; };
		BE7B455979B1DD28090A0522 /* Pods_VaibhavBarCode.framework */ = {isa = PBXFileReference; explicitFileType = wrapper.framework; includeInIndex = 0; path = Pods_VaibhavBarCode.framework; sourceTree = BUILT_PRODUCTS_DIR; };
/* End PBXFileReference section */

/* Begin PBXFrameworksBuildPhase section */
		3D04810C224E45F30051762B /* Frameworks */ = {
			isa = PBXFrameworksBuildPhase;
			buildActionMask = 2147483647;
			files = (
				84FBDB4A065176AEE7DFC26F /* Pods_VaibhavBarCode.framework in Frameworks */,
			);
			runOnlyForDeploymentPostprocessing = 0;
		};
/* End PBXFrameworksBuildPhase section */

/* Begin PBXGroup section */
		3D048106224E45F30051762B = {
			isa = PBXGroup;
			children = (
				3D048111224E45F30051762B /* VaibhavBarCode */,
				3D048110224E45F30051762B /* Products */,
				FF12187B664D6A25CF3A1B1A /* Frameworks */,
				DCE9D506604CCE6E9FDA69C6 /* Pods */,
			);
			sourceTree = "<group>";
		};
		3D048110224E45F30051762B /* Products */ = {
			isa = PBXGroup;
			children = (
				3D04810F224E45F30051762B /* VaibhavBarCode.app */,
			);
			name = Products;
			sourceTree = "<group>";
		};
		3D048111224E45F30051762B /* VaibhavBarCode */ = {
			isa = PBXGroup;
			children = (
				3D2CC223225457CE007B6CA0 /* ZXingObjC.xcodeproj */,
				3D2CC2202251C375007B6CA0 /* BarcodeScannerSwift.plist */,
				3D048112224E45F30051762B /* AppDelegate.swift */,
				3D048114224E45F30051762B /* ViewController.swift */,
				3D048116224E45F30051762B /* Main.storyboard */,
				3D048119224E45FF0051762B /* Assets.xcassets */,
				3D04811B224E45FF0051762B /* LaunchScreen.storyboard */,
				3D04811E224E45FF0051762B /* Info.plist */,
			);
			path = VaibhavBarCode;
			sourceTree = "<group>";
		};
		3D2CC224225457CE007B6CA0 /* Products */ = {
			isa = PBXGroup;
			children = (
				3D2CC22D225457CF007B6CA0 /* libZXingObjC-iOS.a */,
				3D2CC22F225457CF007B6CA0 /* Unit Tests iOS.xctest */,
				3D2CC231225457CF007B6CA0 /* libZXingObjC-osx.a */,
				3D2CC233225457CF007B6CA0 /* Unit Tests OS X.xctest */,
				3D2CC235225457CF007B6CA0 /* ZXingObjC.framework */,
				3D2CC237225457CF007B6CA0 /* ZXingObjC.framework */,
			);
			name = Products;
			sourceTree = "<group>";
		};
		DCE9D506604CCE6E9FDA69C6 /* Pods */ = {
			isa = PBXGroup;
			children = (
				5916C7CBD6F294A3FA430424 /* Pods-VaibhavBarCode.debug.xcconfig */,
				B95C423DED69E9D2B3AE263A /* Pods-VaibhavBarCode.release.xcconfig */,
			);
			path = Pods;
			sourceTree = "<group>";
		};
		FF12187B664D6A25CF3A1B1A /* Frameworks */ = {
			isa = PBXGroup;
			children = (
				BE7B455979B1DD28090A0522 /* Pods_VaibhavBarCode.framework */,
			);
			name = Frameworks;
			sourceTree = "<group>";
		};
/* End PBXGroup section */

/* Begin PBXNativeTarget section */
		3D04810E224E45F30051762B /* VaibhavBarCode */ = {
			isa = PBXNativeTarget;
			buildConfigurationList = 3D048121224E45FF0051762B /* Build configuration list for PBXNativeTarget "VaibhavBarCode" */;
			buildPhases = (
				D03AB3516532C41D2B808375 /* [CP] Check Pods Manifest.lock */,
				3D04810B224E45F30051762B /* Sources */,
				3D04810C224E45F30051762B /* Frameworks */,
				3D04810D224E45F30051762B /* Resources */,
				E4CA6C68244B526D42710B87 /* [CP] Embed Pods Frameworks */,
			);
			buildRules = (
			);
			dependencies = (
			);
			name = VaibhavBarCode;
			productName = VaibhavBarCode;
			productReference = 3D04810F224E45F30051762B /* VaibhavBarCode.app */;
			productType = "com.apple.product-type.application";
		};
/* End PBXNativeTarget section */

/* Begin PBXProject section */
		3D048107224E45F30051762B /* Project object */ = {
			isa = PBXProject;
			attributes = {
				LastSwiftUpdateCheck = 1010;
				LastUpgradeCheck = 1010;
				ORGANIZATIONNAME = VVDN;
				TargetAttributes = {
					3D04810E224E45F30051762B = {
						CreatedOnToolsVersion = 10.1;
					};
				};
			};
			buildConfigurationList = 3D04810A224E45F30051762B /* Build configuration list for PBXProject "VaibhavBarCode" */;
			compatibilityVersion = "Xcode 9.3";
			developmentRegion = en;
			hasScannedForEncodings = 0;
			knownRegions = (
				en,
				Base,
			);
			mainGroup = 3D048106224E45F30051762B;
			productRefGroup = 3D048110224E45F30051762B /* Products */;
			projectDirPath = "";
			projectReferences = (
				{
					ProductGroup = 3D2CC224225457CE007B6CA0 /* Products */;
					ProjectRef = 3D2CC223225457CE007B6CA0 /* ZXingObjC.xcodeproj */;
				},
			);
			projectRoot = "";
			targets = (
				3D04810E224E45F30051762B /* VaibhavBarCode */,
			);
		};
/* End PBXProject section */

/* Begin PBXReferenceProxy section */
		3D2CC22D225457CF007B6CA0 /* libZXingObjC-iOS.a */ = {
			isa = PBXReferenceProxy;
			fileType = archive.ar;
			path = "libZXingObjC-iOS.a";
			remoteRef = 3D2CC22C225457CF007B6CA0 /* PBXContainerItemProxy */;
			sourceTree = BUILT_PRODUCTS_DIR;
		};
		3D2CC22F225457CF007B6CA0 /* Unit Tests iOS.xctest */ = {
			isa = PBXReferenceProxy;
			fileType = wrapper.cfbundle;
			path = "Unit Tests iOS.xctest";
			remoteRef = 3D2CC22E225457CF007B6CA0 /* PBXContainerItemProxy */;
			sourceTree = BUILT_PRODUCTS_DIR;
		};
		3D2CC231225457CF007B6CA0 /* libZXingObjC-osx.a */ = {
			isa = PBXReferenceProxy;
			fileType = archive.ar;
			path = "libZXingObjC-osx.a";
			remoteRef = 3D2CC230225457CF007B6CA0 /* PBXContainerItemProxy */;
			sourceTree = BUILT_PRODUCTS_DIR;
		};
		3D2CC233225457CF007B6CA0 /* Unit Tests OS X.xctest */ = {
			isa = PBXReferenceProxy;
			fileType = wrapper.cfbundle;
			path = "Unit Tests OS X.xctest";
			remoteRef = 3D2CC232225457CF007B6CA0 /* PBXContainerItemProxy */;
			sourceTree = BUILT_PRODUCTS_DIR;
		};
		3D2CC235225457CF007B6CA0 /* ZXingObjC.framework */ = {
			isa = PBXReferenceProxy;
			fileType = wrapper.framework;
			path = ZXingObjC.framework;
			remoteRef = 3D2CC234225457CF007B6CA0 /* PBXContainerItemProxy */;
			sourceTree = BUILT_PRODUCTS_DIR;
		};
		3D2CC237225457CF007B6CA0 /* ZXingObjC.framework */ = {
			isa = PBXReferenceProxy;
			fileType = wrapper.framework;
			path = ZXingObjC.framework;
			remoteRef = 3D2CC236225457CF007B6CA0 /* PBXContainerItemProxy */;
			sourceTree = BUILT_PRODUCTS_DIR;
		};
/* End PBXReferenceProxy section */

/* Begin PBXResourcesBuildPhase section */
		3D04810D224E45F30051762B /* Resources */ = {
			isa = PBXResourcesBuildPhase;
			buildActionMask = 2147483647;
			files = (
				3D04811D224E45FF0051762B /* LaunchScreen.storyboard in Resources */,
				3D04811A224E45FF0051762B /* Assets.xcassets in Resources */,
				3D2CC2212251C375007B6CA0 /* BarcodeScannerSwift.plist in Resources */,
				3D048118224E45F30051762B /* Main.storyboard in Resources */,
			);
			runOnlyForDeploymentPostprocessing = 0;
		};
/* End PBXResourcesBuildPhase section */

/* Begin PBXShellScriptBuildPhase section */
		D03AB3516532C41D2B808375 /* [CP] Check Pods Manifest.lock */ = {
			isa = PBXShellScriptBuildPhase;
			buildActionMask = 2147483647;
			files = (
			);
			inputFileListPaths = (
			);
			inputPaths = (
				"${PODS_PODFILE_DIR_PATH}/Podfile.lock",
				"${PODS_ROOT}/Manifest.lock",
			);
			name = "[CP] Check Pods Manifest.lock";
			outputFileListPaths = (
			);
			outputPaths = (
				"$(DERIVED_FILE_DIR)/Pods-VaibhavBarCode-checkManifestLockResult.txt",
			);
			runOnlyForDeploymentPostprocessing = 0;
			shellPath = /bin/sh;
			shellScript = "diff \"${PODS_PODFILE_DIR_PATH}/Podfile.lock\" \"${PODS_ROOT}/Manifest.lock\" > /dev/null\nif [ $? != 0 ] ; then\n    # print error to STDERR\n    echo \"error: The sandbox is not in sync with the Podfile.lock. Run 'pod install' or update your CocoaPods installation.\" >&2\n    exit 1\nfi\n# This output is used by Xcode 'outputs' to avoid re-running this script phase.\necho \"SUCCESS\" > \"${SCRIPT_OUTPUT_FILE_0}\"\n";
			showEnvVarsInLog = 0;
		};
		E4CA6C68244B526D42710B87 /* [CP] Embed Pods Frameworks */ = {
			isa = PBXShellScriptBuildPhase;
			buildActionMask = 2147483647;
			files = (
			);
			inputFileListPaths = (
			);
			inputPaths = (
				"${PODS_ROOT}/Target Support Files/Pods-VaibhavBarCode/Pods-VaibhavBarCode-frameworks.sh",
				"${BUILT_PRODUCTS_DIR}/ZXingObjC/ZXingObjC.framework",
			);
			name = "[CP] Embed Pods Frameworks";
			outputFileListPaths = (
			);
			outputPaths = (
				"${TARGET_BUILD_DIR}/${FRAMEWORKS_FOLDER_PATH}/ZXingObjC.framework",
			);
			runOnlyForDeploymentPostprocessing = 0;
			shellPath = /bin/sh;
			shellScript = "\"${PODS_ROOT}/Target Support Files/Pods-VaibhavBarCode/Pods-VaibhavBarCode-frameworks.sh\"\n";
			showEnvVarsInLog = 0;
		};
/* End PBXShellScriptBuildPhase section */

/* Begin PBXSourcesBuildPhase section */
		3D04810B224E45F30051762B /* Sources */ = {
			isa = PBXSourcesBuildPhase;
			buildActionMask = 2147483647;
			files = (
				3D048115224E45F30051762B /* ViewController.swift in Sources */,
				3D048113224E45F30051762B /* AppDelegate.swift in Sources */,
			);
			runOnlyForDeploymentPostprocessing = 0;
		};
/* End PBXSourcesBuildPhase section */

/* Begin PBXVariantGroup section */
		3D048116224E45F30051762B /* Main.storyboard */ = {
			isa = PBXVariantGroup;
			children = (
				3D048117224E45F30051762B /* Base */,
			);
			name = Main.storyboard;
			sourceTree = "<group>";
		};
		3D04811B224E45FF0051762B /* LaunchScreen.storyboard */ = {
			isa = PBXVariantGroup;
			children = (
				3D04811C224E45FF0051762B /* Base */,
			);
			name = LaunchScreen.storyboard;
			sourceTree = "<group>";
		};
/* End PBXVariantGroup section */

/* Begin XCBuildConfiguration section */
		3D04811F224E45FF0051762B /* Debug */ = {
			isa = XCBuildConfiguration;
			buildSettings = {
				ALWAYS_SEARCH_USER_PATHS = NO;
				CLANG_ANALYZER_NONNULL = YES;
				CLANG_ANALYZER_NUMBER_OBJECT_CONVERSION = YES_AGGRESSIVE;
				CLANG_CXX_LANGUAGE_STANDARD = "gnu++14";
				CLANG_CXX_LIBRARY = "libc++";
				CLANG_ENABLE_MODULES = YES;
				CLANG_ENABLE_OBJC_ARC = YES;
				CLANG_ENABLE_OBJC_WEAK = YES;
				CLANG_WARN_BLOCK_CAPTURE_AUTORELEASING = YES;
				CLANG_WARN_BOOL_CONVERSION = YES;
				CLANG_WARN_COMMA = YES;
				CLANG_WARN_CONSTANT_CONVERSION = YES;
				CLANG_WARN_DEPRECATED_OBJC_IMPLEMENTATIONS = YES;
				CLANG_WARN_DIRECT_OBJC_ISA_USAGE = YES_ERROR;
				CLANG_WARN_DOCUMENTATION_COMMENTS = YES;
				CLANG_WARN_EMPTY_BODY = YES;
				CLANG_WARN_ENUM_CONVERSION = YES;
				CLANG_WARN_INFINITE_RECURSION = YES;
				CLANG_WARN_INT_CONVERSION = YES;
				CLANG_WARN_NON_LITERAL_NULL_CONVERSION = YES;
				CLANG_WARN_OBJC_IMPLICIT_RETAIN_SELF = YES;
				CLANG_WARN_OBJC_LITERAL_CONVERSION = YES;
				CLANG_WARN_OBJC_ROOT_CLASS = YES_ERROR;
				CLANG_WARN_RANGE_LOOP_ANALYSIS = YES;
				CLANG_WARN_STRICT_PROTOTYPES = YES;
				CLANG_WARN_SUSPICIOUS_MOVE = YES;
				CLANG_WARN_UNGUARDED_AVAILABILITY = YES_AGGRESSIVE;
				CLANG_WARN_UNREACHABLE_CODE = YES;
				CLANG_WARN__DUPLICATE_METHOD_MATCH = YES;
				CODE_SIGN_IDENTITY = "iPhone Developer";
				COPY_PHASE_STRIP = NO;
				DEBUG_INFORMATION_FORMAT = dwarf;
				ENABLE_STRICT_OBJC_MSGSEND = YES;
				ENABLE_TESTABILITY = YES;
				GCC_C_LANGUAGE_STANDARD = gnu11;
				GCC_DYNAMIC_NO_PIC = NO;
				GCC_NO_COMMON_BLOCKS = YES;
				GCC_OPTIMIZATION_LEVEL = 0;
				GCC_PREPROCESSOR_DEFINITIONS = (
					"DEBUG=1",
					"$(inherited)",
				);
				GCC_WARN_64_TO_32_BIT_CONVERSION = YES;
				GCC_WARN_ABOUT_RETURN_TYPE = YES_ERROR;
				GCC_WARN_UNDECLARED_SELECTOR = YES;
				GCC_WARN_UNINITIALIZED_AUTOS = YES_AGGRESSIVE;
				GCC_WARN_UNUSED_FUNCTION = YES;
				GCC_WARN_UNUSED_VARIABLE = YES;
				IPHONEOS_DEPLOYMENT_TARGET = 12.1;
				MTL_ENABLE_DEBUG_INFO = INCLUDE_SOURCE;
				MTL_FAST_MATH = YES;
				ONLY_ACTIVE_ARCH = YES;
				SDKROOT = iphoneos;
				SWIFT_ACTIVE_COMPILATION_CONDITIONS = DEBUG;
				SWIFT_OPTIMIZATION_LEVEL = "-Onone";
			};
			name = Debug;
		};
		3D048120224E45FF0051762B /* Release */ = {
			isa = XCBuildConfiguration;
			buildSettings = {
				ALWAYS_SEARCH_USER_PATHS = NO;
				CLANG_ANALYZER_NONNULL = YES;
				CLANG_ANALYZER_NUMBER_OBJECT_CONVERSION = YES_AGGRESSIVE;
				CLANG_CXX_LANGUAGE_STANDARD = "gnu++14";
				CLANG_CXX_LIBRARY = "libc++";
				CLANG_ENABLE_MODULES = YES;
				CLANG_ENABLE_OBJC_ARC = YES;
				CLANG_ENABLE_OBJC_WEAK = YES;
				CLANG_WARN_BLOCK_CAPTURE_AUTORELEASING = YES;
				CLANG_WARN_BOOL_CONVERSION = YES;
				CLANG_WARN_COMMA = YES;
				CLANG_WARN_CONSTANT_CONVERSION = YES;
				CLANG_WARN_DEPRECATED_OBJC_IMPLEMENTATIONS = YES;
				CLANG_WARN_DIRECT_OBJC_ISA_USAGE = YES_ERROR;
				CLANG_WARN_DOCUMENTATION_COMMENTS = YES;
				CLANG_WARN_EMPTY_BODY = YES;
				CLANG_WARN_ENUM_CONVERSION = YES;
				CLANG_WARN_INFINITE_RECURSION = YES;
				CLANG_WARN_INT_CONVERSION = YES;
				CLANG_WARN_NON_LITERAL_NULL_CONVERSION = YES;
				CLANG_WARN_OBJC_IMPLICIT_RETAIN_SELF = YES;
				CLANG_WARN_OBJC_LITERAL_CONVERSION = YES;
				CLANG_WARN_OBJC_ROOT_CLASS = YES_ERROR;
				CLANG_WARN_RANGE_LOOP_ANALYSIS = YES;
				CLANG_WARN_STRICT_PROTOTYPES = YES;
				CLANG_WARN_SUSPICIOUS_MOVE = YES;
				CLANG_WARN_UNGUARDED_AVAILABILITY = YES_AGGRESSIVE;
				CLANG_WARN_UNREACHABLE_CODE = YES;
				CLANG_WARN__DUPLICATE_METHOD_MATCH = YES;
				CODE_SIGN_IDENTITY = "iPhone Developer";
				COPY_PHASE_STRIP = NO;
				DEBUG_INFORMATION_FORMAT = "dwarf-with-dsym";
				ENABLE_NS_ASSERTIONS = NO;
				ENABLE_STRICT_OBJC_MSGSEND = YES;
				GCC_C_LANGUAGE_STANDARD = gnu11;
				GCC_NO_COMMON_BLOCKS = YES;
				GCC_WARN_64_TO_32_BIT_CONVERSION = YES;
				GCC_WARN_ABOUT_RETURN_TYPE = YES_ERROR;
				GCC_WARN_UNDECLARED_SELECTOR = YES;
				GCC_WARN_UNINITIALIZED_AUTOS = YES_AGGRESSIVE;
				GCC_WARN_UNUSED_FUNCTION = YES;
				GCC_WARN_UNUSED_VARIABLE = YES;
				IPHONEOS_DEPLOYMENT_TARGET = 12.1;
				MTL_ENABLE_DEBUG_INFO = NO;
				MTL_FAST_MATH = YES;
				SDKROOT = iphoneos;
				SWIFT_COMPILATION_MODE = wholemodule;
				SWIFT_OPTIMIZATION_LEVEL = "-O";
				VALIDATE_PRODUCT = YES;
			};
			name = Release;
		};
		3D048122224E45FF0051762B /* Debug */ = {
			isa = XCBuildConfiguration;
			baseConfigurationReference = 5916C7CBD6F294A3FA430424 /* Pods-VaibhavBarCode.debug.xcconfig */;
			buildSettings = {
				ASSETCATALOG_COMPILER_APPICON_NAME = AppIcon;
				CODE_SIGN_STYLE = Manual;
				DEVELOPMENT_TEAM = 7TQDV7RYR7;
				INFOPLIST_FILE = VaibhavBarCode/Info.plist;
				IPHONEOS_DEPLOYMENT_TARGET = 11.1;
				LD_RUNPATH_SEARCH_PATHS = (
					"$(inherited)",
					"@executable_path/Frameworks",
				);
				PRODUCT_BUNDLE_IDENTIFIER = com.netgear.insightstaging;
				PRODUCT_NAME = "$(TARGET_NAME)";
				PROVISIONING_PROFILE_SPECIFIER = "Netgear Insight Staging";
				SWIFT_VERSION = 4.2;
				TARGETED_DEVICE_FAMILY = "1,2";
			};
			name = Debug;
		};
		3D048123224E45FF0051762B /* Release */ = {
			isa = XCBuildConfiguration;
			baseConfigurationReference = B95C423DED69E9D2B3AE263A /* Pods-VaibhavBarCode.release.xcconfig */;
			buildSettings = {
				ASSETCATALOG_COMPILER_APPICON_NAME = AppIcon;
				CODE_SIGN_STYLE = Manual;
				DEVELOPMENT_TEAM = "";
				INFOPLIST_FILE = VaibhavBarCode/Info.plist;
				IPHONEOS_DEPLOYMENT_TARGET = 11.1;
				LD_RUNPATH_SEARCH_PATHS = (
					"$(inherited)",
					"@executable_path/Frameworks",
				);
				PRODUCT_BUNDLE_IDENTIFIER = com.netgear.insightstaging;
				PRODUCT_NAME = "$(TARGET_NAME)";
				PROVISIONING_PROFILE_SPECIFIER = "";
				SWIFT_VERSION = 4.2;
				TARGETED_DEVICE_FAMILY = "1,2";
			};
			name = Release;
		};
/* End XCBuildConfiguration section */

/* Begin XCConfigurationList section */
		3D04810A224E45F30051762B /* Build configuration list for PBXProject "VaibhavBarCode" */ = {
			isa = XCConfigurationList;
			buildConfigurations = (
				3D04811F224E45FF0051762B /* Debug */,
				3D048120224E45FF0051762B /* Release */,
			);
			defaultConfigurationIsVisible = 0;
			defaultConfigurationName = Release;
		};
		3D048121224E45FF0051762B /* Build configuration list for PBXNativeTarget "VaibhavBarCode" */ = {
			isa = XCConfigurationList;
			buildConfigurations = (
				3D048122224E45FF0051762B /* Debug */,
				3D048123224E45FF0051762B /* Release */,
			);
			defaultConfigurationIsVisible = 0;
			defaultConfigurationName = Release;
		};
/* End XCConfigurationList section */
	};
	rootObject = 3D048107224E45F30051762B /* Project object */;
}
